Microsoft Visual Studio Solution File, Format Version 12.00
# Visual Studio Version 17
VisualStudioVersion = 17.5.2.0
MinimumVisualStudioVersion = 10.0.40219.1
Project("{2150E333-8FDC-42A3-9474-1A3956D46DE8}") = "src", "src", "{1AE8ACA6-933B-BF2A-3671-3E2EAC007D16}"
EndProject
Project("{FAE04EC0-301F-11D3-BF4B-00C04F79EFBC}") = "DotNetApp.Server", "src\DotNetApp.Server\DotNetApp.Server.csproj", "{E4787A6F-2E4D-CDBC-A83F-6CEECD16407D}"
EndProject
Project("{FAE04EC0-301F-11D3-BF4B-00C04F79EFBC}") = "DotNetApp.Client", "src\DotNetApp.Client\DotNetApp.Client.csproj", "{D1111111-2222-3333-4444-555555555555}"
EndProject
Project("{FAE04EC0-301F-11D3-BF4B-00C04F79EFBC}") = "DotNetApp.Server.Tests.Integration", "tests\DotNetApp.Server.Tests.Integration\DotNetApp.Server.IntegrationTests.csproj", "{B1111111-1111-1111-1111-111111111111}"
EndProject
Project("{FAE04EC0-301F-11D3-BF4B-00C04F79EFBC}") = "DotNetApp.Client.Tests.Integration", "tests\DotNetApp.Client.Tests.Integration\DotNetApp.Client.IntegrationTests.csproj", "{C2222222-2222-2222-2222-222222222222}"
EndProject
Project("{FAE04EC0-301F-11D3-BF4B-00C04F79EFBC}") = "DotNetApp.Tests.E2E", "tests\DotNetApp.Tests.E2E\DotNetApp.E2ETests.csproj", "{E3333333-3333-3333-3333-333333333333}"
EndProject
Project("{2150E333-8FDC-42A3-9474-1A3956D46DE8}") = "tests", "tests", "{703793BB-3757-4385-B25E-55A5308DC793}"
EndProject
Project("{FAE04EC0-301F-11D3-BF4B-00C04F79EFBC}") = "DotNetApp.Server.Tests.Unit", "tests\DotNetApp.Server.UnitTests\DotNetApp.Server.UnitTests.csproj", "{F53073A1-581A-46BA-A842-C899AB23ADEB}"
EndProject
Project("{FAE04EC0-301F-11D3-BF4B-00C04F79EFBC}") = "DotNetApp.Client.Tests.Unit", "tests\DotNetApp.Client.Tests.Unit\DotNetApp.Client.UnitTests.csproj", "{A2222222-3333-4444-5555-666666666666}"
EndProject
Project("{2150E333-8FDC-42A3-9474-1A3956D46DE8}") = "examples", "examples", "{145A4016-4C34-43C5-B7F6-1713283C35AE}"
EndProject
Project("{FAE04EC0-301F-11D3-BF4B-00C04F79EFBC}") = "GitHub.Runner.Docker", "src\GitHub.Runner.Docker\GitHub.Runner.Docker.csproj", "{1701164D-357A-41DF-9C5F-CD6EA643A2B5}"
EndProject
Project("{FAE04EC0-301F-11D3-BF4B-00C04F79EFBC}") = "GitHub.Runner.Docker.Tests", "tests\GitHub.Runner.Docker.Tests\GitHub.Runner.Docker.Tests.csproj", "{C3C7EF6D-7495-492A-8EC1-334071954CF3}"
EndProject
Project("{FAE04EC0-301F-11D3-BF4B-00C04F79EFBC}") = "GitHub.Runner.Docker.Cli", "tools\GitHub.Runner.Docker.Cli\GitHub.Runner.Docker.Cli.csproj", "{ABCD1234-5678-4DEF-9012-ABCDEF123456}"
EndProject
Global
	GlobalSection(SolutionConfigurationPlatforms) = preSolution
		Debug|Any CPU = Debug|Any CPU
		Release|Any CPU = Release|Any CPU
	EndGlobalSection
	GlobalSection(ProjectConfigurationPlatforms) = postSolution
		{E4787A6F-2E4D-CDBC-A83F-6CEECD16407D}.Debug|Any CPU.ActiveCfg = Debug|Any CPU
		{E4787A6F-2E4D-CDBC-A83F-6CEECD16407D}.Debug|Any CPU.Build.0 = Debug|Any CPU
		{E4787A6F-2E4D-CDBC-A83F-6CEECD16407D}.Release|Any CPU.ActiveCfg = Release|Any CPU
		{E4787A6F-2E4D-CDBC-A83F-6CEECD16407D}.Release|Any CPU.Build.0 = Release|Any CPU
		{F53073A1-581A-46BA-A842-C899AB23ADEB}.Debug|Any CPU.ActiveCfg = Debug|Any CPU
		{F53073A1-581A-46BA-A842-C899AB23ADEB}.Debug|Any CPU.Build.0 = Debug|Any CPU
		{F53073A1-581A-46BA-A842-C899AB23ADEB}.Release|Any CPU.ActiveCfg = Release|Any CPU
		{F53073A1-581A-46BA-A842-C899AB23ADEB}.Release|Any CPU.Build.0 = Release|Any CPU
		{A2222222-3333-4444-5555-666666666666}.Debug|Any CPU.ActiveCfg = Debug|Any CPU
		{A2222222-3333-4444-5555-666666666666}.Debug|Any CPU.Build.0 = Debug|Any CPU
		{A2222222-3333-4444-5555-666666666666}.Release|Any CPU.ActiveCfg = Release|Any CPU
		{A2222222-3333-4444-5555-666666666666}.Release|Any CPU.Build.0 = Release|Any CPU
		{D1111111-2222-3333-4444-555555555555}.Debug|Any CPU.ActiveCfg = Debug|Any CPU
		{D1111111-2222-3333-4444-555555555555}.Debug|Any CPU.Build.0 = Debug|Any CPU
		{D1111111-2222-3333-4444-555555555555}.Release|Any CPU.ActiveCfg = Release|Any CPU
		{D1111111-2222-3333-4444-555555555555}.Release|Any CPU.Build.0 = Release|Any CPU
		{B1111111-1111-1111-1111-111111111111}.Debug|Any CPU.ActiveCfg = Debug|Any CPU
		{B1111111-1111-1111-1111-111111111111}.Debug|Any CPU.Build.0 = Debug|Any CPU
		{B1111111-1111-1111-1111-111111111111}.Release|Any CPU.ActiveCfg = Release|Any CPU
		{B1111111-1111-1111-1111-111111111111}.Release|Any CPU.Build.0 = Release|Any CPU
		{C2222222-2222-2222-2222-222222222222}.Debug|Any CPU.ActiveCfg = Debug|Any CPU
		{C2222222-2222-2222-2222-222222222222}.Debug|Any CPU.Build.0 = Debug|Any CPU
		{C2222222-2222-2222-2222-222222222222}.Release|Any CPU.ActiveCfg = Release|Any CPU
		{C2222222-2222-2222-2222-222222222222}.Release|Any CPU.Build.0 = Release|Any CPU
		{E3333333-3333-3333-3333-333333333333}.Debug|Any CPU.ActiveCfg = Debug|Any CPU
		{E3333333-3333-3333-3333-333333333333}.Debug|Any CPU.Build.0 = Debug|Any CPU
		{E3333333-3333-3333-3333-333333333333}.Release|Any CPU.ActiveCfg = Release|Any CPU
		{E3333333-3333-3333-3333-333333333333}.Release|Any CPU.Build.0 = Release|Any CPU
		{1701164D-357A-41DF-9C5F-CD6EA643A2B5}.Debug|Any CPU.ActiveCfg = Debug|Any CPU
		{1701164D-357A-41DF-9C5F-CD6EA643A2B5}.Debug|Any CPU.Build.0 = Debug|Any CPU
		{1701164D-357A-41DF-9C5F-CD6EA643A2B5}.Release|Any CPU.ActiveCfg = Release|Any CPU
		{1701164D-357A-41DF-9C5F-CD6EA643A2B5}.Release|Any CPU.Build.0 = Release|Any CPU
		{C3C7EF6D-7495-492A-8EC1-334071954CF3}.Debug|Any CPU.ActiveCfg = Debug|Any CPU
		{C3C7EF6D-7495-492A-8EC1-334071954CF3}.Debug|Any CPU.Build.0 = Debug|Any CPU
		{C3C7EF6D-7495-492A-8EC1-334071954CF3}.Release|Any CPU.ActiveCfg = Release|Any CPU
		{C3C7EF6D-7495-492A-8EC1-334071954CF3}.Release|Any CPU.Build.0 = Release|Any CPU
		{ABCD1234-5678-4DEF-9012-ABCDEF123456}.Debug|Any CPU.ActiveCfg = Debug|Any CPU
		{ABCD1234-5678-4DEF-9012-ABCDEF123456}.Debug|Any CPU.Build.0 = Debug|Any CPU
		{ABCD1234-5678-4DEF-9012-ABCDEF123456}.Release|Any CPU.ActiveCfg = Release|Any CPU
		{ABCD1234-5678-4DEF-9012-ABCDEF123456}.Release|Any CPU.Build.0 = Release|Any CPU
	EndGlobalSection
	GlobalSection(SolutionProperties) = preSolution
		HideSolutionNode = FALSE
	EndGlobalSection
	GlobalSection(NestedProjects) = preSolution
		{E4787A6F-2E4D-CDBC-A83F-6CEECD16407D} = {1AE8ACA6-933B-BF2A-3671-3E2EAC007D16}
		{D1111111-2222-3333-4444-555555555555} = {1AE8ACA6-933B-BF2A-3671-3E2EAC007D16}
		{F53073A1-581A-46BA-A842-C899AB23ADEB} = {703793BB-3757-4385-B25E-55A5308DC793}
		{A2222222-3333-4444-5555-666666666666} = {703793BB-3757-4385-B25E-55A5308DC793}
		{B1111111-1111-1111-1111-111111111111} = {703793BB-3757-4385-B25E-55A5308DC793}
		{C2222222-2222-2222-2222-222222222222} = {703793BB-3757-4385-B25E-55A5308DC793}
		{E3333333-3333-3333-3333-333333333333} = {703793BB-3757-4385-B25E-55A5308DC793}
		{1701164D-357A-41DF-9C5F-CD6EA643A2B5} = {1AE8ACA6-933B-BF2A-3671-3E2EAC007D16}
		{C3C7EF6D-7495-492A-8EC1-334071954CF3} = {703793BB-3757-4385-B25E-55A5308DC793}
	EndGlobalSection
	GlobalSection(ExtensibilityGlobals) = postSolution
		SolutionGuid = {865D83FD-2761-48B0-B275-827738B8E41C}
	EndGlobalSection
EndGlobal
