Microsoft Visual Studio Solution File, Format Version 12.00
# Visual Studio Version 17
VisualStudioVersion = 17.5.2.0
MinimumVisualStudioVersion = 10.0.40219.1
Project("{2150E333-8FDC-42A3-9474-1A3956D46DE8}") = "src", "src", "{1AE8ACA6-933B-BF2A-3671-3E2EAC007D16}"
EndProject
Project("{FAE04EC0-301F-11D3-BF4B-00C04F79EFBC}") = "DotNetApp.Api", "src\DotNetApp.Api\DotNetApp.Api.csproj", "{E4787A6F-2E4D-CDBC-A83F-6CEECD16407D}"
EndProject
Project("{FAE04EC0-301F-11D3-BF4B-00C04F79EFBC}") = "DotNetApp.Client", "src\DotNetApp.Client\DotNetApp.Client.csproj", "{D1111111-2222-3333-4444-555555555555}"
EndProject
Project("{FAE04EC0-301F-11D3-BF4B-00C04F79EFBC}") = "DotNetApp.Client.Shared", "src\DotNetApp.Client.Shared\DotNetApp.Client.Shared.csproj", "{ABABABAB-ABAB-ABAB-ABAB-ABABABABABAB}"
EndProject
Project("{2150E333-8FDC-42A3-9474-1A3956D46DE8}") = "tests", "tests", "{703793BB-3757-4385-B25E-55A5308DC793}"
EndProject
Project("{FAE04EC0-301F-11D3-BF4B-00C04F79EFBC}") = "DotNetApp.Api.UnitTests", "tests\DotNetApp.Api.UnitTests\DotNetApp.Api.UnitTests.csproj", "{F53073A1-581A-46BA-A842-C899AB23ADEB}"
EndProject
Project("{FAE04EC0-301F-11D3-BF4B-00C04F79EFBC}") = "DotNetApp.Client.UnitTests", "tests\DotNetApp.Client.UnitTests\DotNetApp.Client.UnitTests.csproj", "{A2222222-3333-4444-5555-666666666666}"
EndProject
Project("{FAE04EC0-301F-11D3-BF4B-00C04F79EFBC}") = "DotNetApp.Client.IntegrationTests", "tests\DotNetApp.Client.IntegrationTests\DotNetApp.Client.IntegrationTests.csproj", "{BBBBBBBB-BBBB-BBBB-BBBB-BBBBBBBBBBBB}"
EndProject
Project("{FAE04EC0-301F-11D3-BF4B-00C04F79EFBC}") = "DotNetApp.Api.IntegrationTests", "tests\DotNetApp.Api.IntegrationTests\DotNetApp.Api.IntegrationTests.csproj", "{AAAAAAAA-AAAA-AAAA-AAAA-AAAAAAAAAAAA}"
EndProject
Project("{2150E333-8FDC-42A3-9474-1A3956D46DE8}") = "examples", "examples", "{145A4016-4C34-43C5-B7F6-1713283C35AE}"
EndProject
Global
	GlobalSection(SolutionConfigurationPlatforms) = preSolution
		Debug|Any CPU = Debug|Any CPU
		Release|Any CPU = Release|Any CPU
	EndGlobalSection
	GlobalSection(ProjectConfigurationPlatforms) = postSolution
		{E4787A6F-2E4D-CDBC-A83F-6CEECD16407D}.Debug|Any CPU.ActiveCfg = Debug|Any CPU
		{E4787A6F-2E4D-CDBC-A83F-6CEECD16407D}.Debug|Any CPU.Build.0 = Debug|Any CPU
		{E4787A6F-2E4D-CDBC-A83F-6CEECD16407D}.Release|Any CPU.ActiveCfg = Release|Any CPU
		{E4787A6F-2E4D-CDBC-A83F-6CEECD16407D}.Release|Any CPU.Build.0 = Release|Any CPU
		{F53073A1-581A-46BA-A842-C899AB23ADEB}.Debug|Any CPU.ActiveCfg = Debug|Any CPU
		{F53073A1-581A-46BA-A842-C899AB23ADEB}.Debug|Any CPU.Build.0 = Debug|Any CPU
		{F53073A1-581A-46BA-A842-C899AB23ADEB}.Release|Any CPU.ActiveCfg = Release|Any CPU
		{F53073A1-581A-46BA-A842-C899AB23ADEB}.Release|Any CPU.Build.0 = Release|Any CPU
		{A2222222-3333-4444-5555-666666666666}.Debug|Any CPU.ActiveCfg = Debug|Any CPU
		{A2222222-3333-4444-5555-666666666666}.Debug|Any CPU.Build.0 = Debug|Any CPU
		{A2222222-3333-4444-5555-666666666666}.Release|Any CPU.ActiveCfg = Release|Any CPU
		{A2222222-3333-4444-5555-666666666666}.Release|Any CPU.Build.0 = Release|Any CPU
		{D1111111-2222-3333-4444-555555555555}.Debug|Any CPU.ActiveCfg = Debug|Any CPU
		{D1111111-2222-3333-4444-555555555555}.Debug|Any CPU.Build.0 = Debug|Any CPU
		{D1111111-2222-3333-4444-555555555555}.Release|Any CPU.ActiveCfg = Release|Any CPU
		{D1111111-2222-3333-4444-555555555555}.Release|Any CPU.Build.0 = Release|Any CPU
		{ABABABAB-ABAB-ABAB-ABAB-ABABABABABAB}.Debug|Any CPU.ActiveCfg = Debug|Any CPU
		{ABABABAB-ABAB-ABAB-ABAB-ABABABABABAB}.Debug|Any CPU.Build.0 = Debug|Any CPU
		{ABABABAB-ABAB-ABAB-ABAB-ABABABABABAB}.Release|Any CPU.ActiveCfg = Release|Any CPU
		{ABABABAB-ABAB-ABAB-ABAB-ABABABABABAB}.Release|Any CPU.Build.0 = Release|Any CPU
		{BBBBBBBB-BBBB-BBBB-BBBB-BBBBBBBBBBBB}.Debug|Any CPU.ActiveCfg = Debug|Any CPU
		{BBBBBBBB-BBBB-BBBB-BBBB-BBBBBBBBBBBB}.Debug|Any CPU.Build.0 = Debug|Any CPU
		{BBBBBBBB-BBBB-BBBB-BBBB-BBBBBBBBBBBB}.Release|Any CPU.ActiveCfg = Release|Any CPU
		{BBBBBBBB-BBBB-BBBB-BBBB-BBBBBBBBBBBB}.Release|Any CPU.Build.0 = Release|Any CPU
		{AAAAAAAA-AAAA-AAAA-AAAA-AAAAAAAAAAAA}.Debug|Any CPU.ActiveCfg = Debug|Any CPU
		{AAAAAAAA-AAAA-AAAA-AAAA-AAAAAAAAAAAA}.Debug|Any CPU.Build.0 = Debug|Any CPU
		{AAAAAAAA-AAAA-AAAA-AAAA-AAAAAAAAAAAA}.Release|Any CPU.ActiveCfg = Release|Any CPU
		{AAAAAAAA-AAAA-AAAA-AAAA-AAAAAAAAAAAA}.Release|Any CPU.Build.0 = Release|Any CPU

	EndGlobalSection
	GlobalSection(SolutionProperties) = preSolution
		HideSolutionNode = FALSE
	EndGlobalSection
	GlobalSection(NestedProjects) = preSolution
		{E4787A6F-2E4D-CDBC-A83F-6CEECD16407D} = {1AE8ACA6-933B-BF2A-3671-3E2EAC007D16}
		{D1111111-2222-3333-4444-555555555555} = {1AE8ACA6-933B-BF2A-3671-3E2EAC007D16}
		{ABABABAB-ABAB-ABAB-ABAB-ABABABABABAB} = {1AE8ACA6-933B-BF2A-3671-3E2EAC007D16}
		{F53073A1-581A-46BA-A842-C899AB23ADEB} = {703793BB-3757-4385-B25E-55A5308DC793}
		{A2222222-3333-4444-5555-666666666666} = {703793BB-3757-4385-B25E-55A5308DC793}
		{BBBBBBBB-BBBB-BBBB-BBBB-BBBBBBBBBBBB} = {703793BB-3757-4385-B25E-55A5308DC793}
		{AAAAAAAA-AAAA-AAAA-AAAA-AAAAAAAAAAAA} = {703793BB-3757-4385-B25E-55A5308DC793}



	EndGlobalSection
	GlobalSection(ExtensibilityGlobals) = postSolution
		SolutionGuid = {865D83FD-2761-48B0-B275-827738B8E41C}
	EndGlobalSection
EndGlobal
