Microsoft Visual Studio Solution File, Format Version 12.00
# Visual Studio Version 17
VisualStudioVersion = 17.5.2.0
MinimumVisualStudioVersion = 10.0.40219.1
Project("{2150E333-8FDC-42A3-9474-1A3956D46DE8}") = "src", "src", "{1AE8ACA6-933B-BF2A-3671-3E2EAC007D16}"
EndProject
Project("{FAE04EC0-301F-11D3-BF4B-00C04F79EFBC}") = "DotNetApp.Server", "src\DotNetApp.Server\DotNetApp.Server.csproj", "{E4787A6F-2E4D-CDBC-A83F-6CEECD16407D}"
EndProject
Project("{FAE04EC0-301F-11D3-BF4B-00C04F79EFBC}") = "DotNetApp.Client", "src\DotNetApp.Client\DotNetApp.Client.csproj", "{D1111111-2222-3333-4444-555555555555}"
EndProject
Project("{FAE04EC0-301F-11D3-BF4B-00C04F79EFBC}") = "DotNetApp.Core", "src\Shared\DotNetApp.Core\DotNetApp.Core.csproj", "{5C4F5DB8-15D6-446D-A18B-4F03123B3B55}"
EndProject
Project("{FAE04EC0-301F-11D3-BF4B-00C04F79EFBC}") = "Chess", "src\Examples\Chess\Chess.csproj", "{E0BD6D4E-09BE-4C22-B750-26D74BF5481B}"
EndProject
Project("{FAE04EC0-301F-11D3-BF4B-00C04F79EFBC}") = "DotNetApp.Server.Tests.Integration", "tests\DotNetApp.Server.Tests.Integration\DotNetApp.Server.Tests.Integration.csproj", "{B1111111-1111-1111-1111-111111111111}"
EndProject
Project("{FAE04EC0-301F-11D3-BF4B-00C04F79EFBC}") = "DotNetApp.Client.Tests.Integration", "tests\DotNetApp.Client.Tests.Integration\DotNetApp.Client.Tests.Integration.csproj", "{C2222222-2222-2222-2222-222222222222}"
EndProject
Project("{FAE04EC0-301F-11D3-BF4B-00C04F79EFBC}") = "DotNetApp.Client.Tests.Unit", "tests\DotNetApp.Client.Tests.Unit\DotNetApp.Client.Tests.Unit.csproj", "{A2222222-3333-4444-5555-666666666666}"
EndProject
Project("{FAE04EC0-301F-11D3-BF4B-00C04F79EFBC}") = "DotNetApp.Core.Tests.Unit", "tests\DotNetApp.Core.Tests.Unit\DotNetApp.Core.Tests.Unit.csproj", "{71B58A0B-2C60-4471-ADD8-D3EC501DFFBE}"
EndProject
Project("{FAE04EC0-301F-11D3-BF4B-00C04F79EFBC}") = "DotNetApp.Server.Tests.Integration.GameHub", "tests\DotNetApp.Server.Tests.Integration.GameHub\DotNetApp.Server.Tests.Integration.GameHub.csproj", "{862D3D47-0A5D-44BF-A661-6B30A8D3F72D}"
EndProject
Project("{FAE04EC0-301F-11D3-BF4B-00C04F79EFBC}") = "DotNetApp.Server.Tests.Unit", "tests\DotNetApp.Server.Tests.Unit\DotNetApp.Server.Tests.Unit.csproj", "{F53073A1-581A-46BA-A842-C899AB23ADEB}"
EndProject
Project("{FAE04EC0-301F-11D3-BF4B-00C04F79EFBC}") = "DotNetApp.Tests.E2E", "tests\DotNetApp.Tests.E2E\DotNetApp.Tests.E2E.csproj", "{E3333333-3333-3333-3333-333333333333}"
EndProject
Project("{FAE04EC0-301F-11D3-BF4B-00C04F79EFBC}") = "Examples.Chess.Unit", "tests\Examples.Chess.Unit\Examples.Chess.Unit.csproj", "{0269218E-0C32-4037-A563-FF920FBD593C}"
EndProject
Project("{FAE04EC0-301F-11D3-BF4B-00C04F79EFBC}") = "Examples.Chess.Integration", "tests\Examples.Chess.Integration\Examples.Chess.Integration.csproj", "{8F86EFEB-CE98-4861-9A05-659E0B68C597}"
EndProject
Project("{FAE04EC0-301F-11D3-BF4B-00C04F79EFBC}") = "Examples.Chess.UI", "tests\Examples.Chess.UI\Examples.Chess.UI.csproj", "{4FC1FD5D-83B5-4BBE-8A89-805A9CF7CC02}"
EndProject
Project("{FAE04EC0-301F-11D3-BF4B-00C04F79EFBC}") = "Examples.Chess.PolicyUnit", "tests\Examples.Chess.PolicyUnit\Examples.Chess.PolicyUnit.csproj", "{8AF6084F-C770-4498-93EF-274F735D9590}"
EndProject
Project("{2150E333-8FDC-42A3-9474-1A3956D46DE8}") = "tests", "tests", "{DCDCC001-0599-41E6-8C94-ABDCD393DDA3}"
EndProject
Project("{2150E333-8FDC-42A3-9474-1A3956D46DE8}") = "Shared", "Shared", "{7F8BE836-7BEB-4740-B89A-F70B6D31C7F0}"
EndProject
Project("{FAE04EC0-301F-11D3-BF4B-00C04F79EFBC}") = "TestArtifacts", "tests\Shared\TestArtifacts\TestArtifacts.csproj", "{5E9520C6-79E8-433B-AFEB-C103975F20EB}"
EndProject
Global
	GlobalSection(SolutionConfigurationPlatforms) = preSolution
		Debug|Any CPU = Debug|Any CPU
		Release|Any CPU = Release|Any CPU
	EndGlobalSection
	GlobalSection(ProjectConfigurationPlatforms) = postSolution
		{1AE8ACA6-933B-BF2A-3671-3E2EAC007D16}.Debug|Any CPU.ActiveCfg = Debug|Any CPU
		{1AE8ACA6-933B-BF2A-3671-3E2EAC007D16}.Release|Any CPU.ActiveCfg = Release|Any CPU
		{E4787A6F-2E4D-CDBC-A83F-6CEECD16407D}.Debug|Any CPU.ActiveCfg = Debug|Any CPU
		{E4787A6F-2E4D-CDBC-A83F-6CEECD16407D}.Debug|Any CPU.Build.0 = Debug|Any CPU
		{E4787A6F-2E4D-CDBC-A83F-6CEECD16407D}.Release|Any CPU.ActiveCfg = Release|Any CPU
		{E4787A6F-2E4D-CDBC-A83F-6CEECD16407D}.Release|Any CPU.Build.0 = Release|Any CPU
		{D1111111-2222-3333-4444-555555555555}.Debug|Any CPU.ActiveCfg = Debug|Any CPU
		{D1111111-2222-3333-4444-555555555555}.Debug|Any CPU.Build.0 = Debug|Any CPU
		{D1111111-2222-3333-4444-555555555555}.Release|Any CPU.ActiveCfg = Release|Any CPU
		{D1111111-2222-3333-4444-555555555555}.Release|Any CPU.Build.0 = Release|Any CPU
		{5C4F5DB8-15D6-446D-A18B-4F03123B3B55}.Debug|Any CPU.ActiveCfg = Debug|Any CPU
		{5C4F5DB8-15D6-446D-A18B-4F03123B3B55}.Debug|Any CPU.Build.0 = Debug|Any CPU
		{5C4F5DB8-15D6-446D-A18B-4F03123B3B55}.Release|Any CPU.ActiveCfg = Release|Any CPU
		{5C4F5DB8-15D6-446D-A18B-4F03123B3B55}.Release|Any CPU.Build.0 = Release|Any CPU
		{E0BD6D4E-09BE-4C22-B750-26D74BF5481B}.Debug|Any CPU.ActiveCfg = Debug|Any CPU
		{E0BD6D4E-09BE-4C22-B750-26D74BF5481B}.Debug|Any CPU.Build.0 = Debug|Any CPU
		{E0BD6D4E-09BE-4C22-B750-26D74BF5481B}.Release|Any CPU.ActiveCfg = Release|Any CPU
		{E0BD6D4E-09BE-4C22-B750-26D74BF5481B}.Release|Any CPU.Build.0 = Release|Any CPU
		{B1111111-1111-1111-1111-111111111111}.Debug|Any CPU.ActiveCfg = Debug|Any CPU
		{B1111111-1111-1111-1111-111111111111}.Debug|Any CPU.Build.0 = Debug|Any CPU
		{B1111111-1111-1111-1111-111111111111}.Release|Any CPU.ActiveCfg = Release|Any CPU
		{B1111111-1111-1111-1111-111111111111}.Release|Any CPU.Build.0 = Release|Any CPU
		{C2222222-2222-2222-2222-222222222222}.Debug|Any CPU.ActiveCfg = Debug|Any CPU
		{C2222222-2222-2222-2222-222222222222}.Debug|Any CPU.Build.0 = Debug|Any CPU
		{C2222222-2222-2222-2222-222222222222}.Release|Any CPU.ActiveCfg = Release|Any CPU
		{C2222222-2222-2222-2222-222222222222}.Release|Any CPU.Build.0 = Release|Any CPU
		{A2222222-3333-4444-5555-666666666666}.Debug|Any CPU.ActiveCfg = Debug|Any CPU
		{A2222222-3333-4444-5555-666666666666}.Debug|Any CPU.Build.0 = Debug|Any CPU
		{A2222222-3333-4444-5555-666666666666}.Release|Any CPU.ActiveCfg = Release|Any CPU
		{A2222222-3333-4444-5555-666666666666}.Release|Any CPU.Build.0 = Release|Any CPU
		{71B58A0B-2C60-4471-ADD8-D3EC501DFFBE}.Debug|Any CPU.ActiveCfg = Debug|Any CPU
		{71B58A0B-2C60-4471-ADD8-D3EC501DFFBE}.Debug|Any CPU.Build.0 = Debug|Any CPU
		{71B58A0B-2C60-4471-ADD8-D3EC501DFFBE}.Release|Any CPU.ActiveCfg = Release|Any CPU
		{71B58A0B-2C60-4471-ADD8-D3EC501DFFBE}.Release|Any CPU.Build.0 = Release|Any CPU
		{862D3D47-0A5D-44BF-A661-6B30A8D3F72D}.Debug|Any CPU.ActiveCfg = Debug|Any CPU
		{862D3D47-0A5D-44BF-A661-6B30A8D3F72D}.Debug|Any CPU.Build.0 = Debug|Any CPU
		{862D3D47-0A5D-44BF-A661-6B30A8D3F72D}.Release|Any CPU.ActiveCfg = Release|Any CPU
		{862D3D47-0A5D-44BF-A661-6B30A8D3F72D}.Release|Any CPU.Build.0 = Release|Any CPU
		{F53073A1-581A-46BA-A842-C899AB23ADEB}.Debug|Any CPU.ActiveCfg = Debug|Any CPU
		{F53073A1-581A-46BA-A842-C899AB23ADEB}.Debug|Any CPU.Build.0 = Debug|Any CPU
		{F53073A1-581A-46BA-A842-C899AB23ADEB}.Release|Any CPU.ActiveCfg = Release|Any CPU
		{F53073A1-581A-46BA-A842-C899AB23ADEB}.Release|Any CPU.Build.0 = Release|Any CPU
		{E3333333-3333-3333-3333-333333333333}.Debug|Any CPU.ActiveCfg = Debug|Any CPU
		{E3333333-3333-3333-3333-333333333333}.Debug|Any CPU.Build.0 = Debug|Any CPU
		{E3333333-3333-3333-3333-333333333333}.Release|Any CPU.ActiveCfg = Release|Any CPU
		{E3333333-3333-3333-3333-333333333333}.Release|Any CPU.Build.0 = Release|Any CPU
		{0269218E-0C32-4037-A563-FF920FBD593C}.Debug|Any CPU.ActiveCfg = Debug|Any CPU
		{0269218E-0C32-4037-A563-FF920FBD593C}.Debug|Any CPU.Build.0 = Debug|Any CPU
		{0269218E-0C32-4037-A563-FF920FBD593C}.Release|Any CPU.ActiveCfg = Release|Any CPU
		{0269218E-0C32-4037-A563-FF920FBD593C}.Release|Any CPU.Build.0 = Release|Any CPU
		{8F86EFEB-CE98-4861-9A05-659E0B68C597}.Debug|Any CPU.ActiveCfg = Debug|Any CPU
		{8F86EFEB-CE98-4861-9A05-659E0B68C597}.Debug|Any CPU.Build.0 = Debug|Any CPU
		{8F86EFEB-CE98-4861-9A05-659E0B68C597}.Release|Any CPU.ActiveCfg = Release|Any CPU
		{8F86EFEB-CE98-4861-9A05-659E0B68C597}.Release|Any CPU.Build.0 = Release|Any CPU
		{4FC1FD5D-83B5-4BBE-8A89-805A9CF7CC02}.Debug|Any CPU.ActiveCfg = Debug|Any CPU
		{4FC1FD5D-83B5-4BBE-8A89-805A9CF7CC02}.Debug|Any CPU.Build.0 = Debug|Any CPU
		{4FC1FD5D-83B5-4BBE-8A89-805A9CF7CC02}.Release|Any CPU.ActiveCfg = Release|Any CPU
		{4FC1FD5D-83B5-4BBE-8A89-805A9CF7CC02}.Release|Any CPU.Build.0 = Release|Any CPU
		{8AF6084F-C770-4498-93EF-274F735D9590}.Debug|Any CPU.ActiveCfg = Debug|Any CPU
		{8AF6084F-C770-4498-93EF-274F735D9590}.Debug|Any CPU.Build.0 = Debug|Any CPU
		{8AF6084F-C770-4498-93EF-274F735D9590}.Release|Any CPU.ActiveCfg = Release|Any CPU
		{8AF6084F-C770-4498-93EF-274F735D9590}.Release|Any CPU.Build.0 = Release|Any CPU
		{5E9520C6-79E8-433B-AFEB-C103975F20EB}.Debug|Any CPU.ActiveCfg = Debug|Any CPU
		{5E9520C6-79E8-433B-AFEB-C103975F20EB}.Debug|Any CPU.Build.0 = Debug|Any CPU
		{5E9520C6-79E8-433B-AFEB-C103975F20EB}.Release|Any CPU.ActiveCfg = Release|Any CPU
		{5E9520C6-79E8-433B-AFEB-C103975F20EB}.Release|Any CPU.Build.0 = Release|Any CPU
	EndGlobalSection
	GlobalSection(SolutionProperties) = preSolution
		HideSolutionNode = FALSE
	EndGlobalSection
	GlobalSection(ExtensibilityGlobals) = postSolution
		SolutionGuid = {865D83FD-2761-48B0-B275-827738B8E41C}
	EndGlobalSection
	GlobalSection(NestedProjects) = preSolution
		{7F8BE836-7BEB-4740-B89A-F70B6D31C7F0} = {DCDCC001-0599-41E6-8C94-ABDCD393DDA3}
		{5E9520C6-79E8-433B-AFEB-C103975F20EB} = {7F8BE836-7BEB-4740-B89A-F70B6D31C7F0}
	EndGlobalSection
EndGlobal
