
Microsoft Visual Studio Solution File, Format Version 12.00
# Visual Studio Version 17
VisualStudioVersion = 17.0.31903.59
MinimumVisualStudioVersion = 10.0.40219.1
Project("{FAE04EC0-301F-11D3-BF4B-00C04F79EFBC}") = "ExampleClient", "ExampleClient\ExampleClient.csproj", "{056364D1-9961-4328-BFDA-41BFF3A43979}"
EndProject
Project("{2150E333-8FDC-42A3-9474-1A3956D46DE8}") = "ExampleClient", "ExampleClient", "{BDB0E515-9533-4726-93CB-827DED09CD3C}"
EndProject
Project("{2150E333-8FDC-42A3-9474-1A3956D46DE8}") = "tests", "tests", "{9BFF4F83-FF98-40B9-9E32-309E56912816}"
EndProject
Project("{FAE04EC0-301F-11D3-BF4B-00C04F79EFBC}") = "ExampleClient.UnitTests", "ExampleClient\tests\ExampleClient.UnitTests\ExampleClient.UnitTests.csproj", "{0EF34EE9-A8EB-4D94-924A-F2A118FAC6C1}"
EndProject
Project("{FAE04EC0-301F-11D3-BF4B-00C04F79EFBC}") = "ExampleClient.IntegrationTests", "ExampleClient\tests\ExampleClient.IntegrationTests\ExampleClient.IntegrationTests.csproj", "{5407ED52-A27A-4059-B6D8-62ED3351B571}"
EndProject
Global
	GlobalSection(SolutionConfigurationPlatforms) = preSolution
		Debug|Any CPU = Debug|Any CPU
		Release|Any CPU = Release|Any CPU
	EndGlobalSection
	GlobalSection(SolutionProperties) = preSolution
		HideSolutionNode = FALSE
	EndGlobalSection
	GlobalSection(ProjectConfigurationPlatforms) = postSolution
		{056364D1-9961-4328-BFDA-41BFF3A43979}.Debug|Any CPU.ActiveCfg = Debug|Any CPU
		{056364D1-9961-4328-BFDA-41BFF3A43979}.Debug|Any CPU.Build.0 = Debug|Any CPU
		{056364D1-9961-4328-BFDA-41BFF3A43979}.Release|Any CPU.ActiveCfg = Release|Any CPU
		{056364D1-9961-4328-BFDA-41BFF3A43979}.Release|Any CPU.Build.0 = Release|Any CPU
		{0EF34EE9-A8EB-4D94-924A-F2A118FAC6C1}.Debug|Any CPU.ActiveCfg = Debug|Any CPU
		{0EF34EE9-A8EB-4D94-924A-F2A118FAC6C1}.Debug|Any CPU.Build.0 = Debug|Any CPU
		{0EF34EE9-A8EB-4D94-924A-F2A118FAC6C1}.Release|Any CPU.ActiveCfg = Release|Any CPU
		{0EF34EE9-A8EB-4D94-924A-F2A118FAC6C1}.Release|Any CPU.Build.0 = Release|Any CPU
		{5407ED52-A27A-4059-B6D8-62ED3351B571}.Debug|Any CPU.ActiveCfg = Debug|Any CPU
		{5407ED52-A27A-4059-B6D8-62ED3351B571}.Debug|Any CPU.Build.0 = Debug|Any CPU
		{5407ED52-A27A-4059-B6D8-62ED3351B571}.Release|Any CPU.ActiveCfg = Release|Any CPU
		{5407ED52-A27A-4059-B6D8-62ED3351B571}.Release|Any CPU.Build.0 = Release|Any CPU
	EndGlobalSection
	GlobalSection(NestedProjects) = preSolution
		{056364D1-9961-4328-BFDA-41BFF3A43979} = {BDB0E515-9533-4726-93CB-827DED09CD3C}
		{9BFF4F83-FF98-40B9-9E32-309E56912816} = {BDB0E515-9533-4726-93CB-827DED09CD3C}
		{0EF34EE9-A8EB-4D94-924A-F2A118FAC6C1} = {9BFF4F83-FF98-40B9-9E32-309E56912816}
		{5407ED52-A27A-4059-B6D8-62ED3351B571} = {9BFF4F83-FF98-40B9-9E32-309E56912816}
	EndGlobalSection
EndGlobal
